
Microsoft Visual Studio Solution File, Format Version 12.00
# Visual Studio 15
VisualStudioVersion = 15.0.28307.329
MinimumVisualStudioVersion = 10.0.40219.1
Project("{FAE04EC0-301F-11D3-BF4B-00C04F79EFBC}") = "Example Account Wizard", "Example Account Wizard\Example Account Wizard.csproj", "{2CABD78B-03AD-4BD1-9B69-791126473719}"
EndProject
Global
	GlobalSection(SolutionConfigurationPlatforms) = preSolution
		Debug|Any CPU = Debug|Any CPU
		Release|Any CPU = Release|Any CPU
	EndGlobalSection
	GlobalSection(ProjectConfigurationPlatforms) = postSolution
		{2CABD78B-03AD-4BD1-9B69-791126473719}.Debug|Any CPU.ActiveCfg = Debug|Any CPU
		{2CABD78B-03AD-4BD1-9B69-791126473719}.Debug|Any CPU.Build.0 = Debug|Any CPU
		{2CABD78B-03AD-4BD1-9B69-791126473719}.Release|Any CPU.ActiveCfg = Release|Any CPU
		{2CABD78B-03AD-4BD1-9B69-791126473719}.Release|Any CPU.Build.0 = Release|Any CPU
	EndGlobalSection
	GlobalSection(SolutionProperties) = preSolution
		HideSolutionNode = FALSE
	EndGlobalSection
	GlobalSection(ExtensibilityGlobals) = postSolution
		SolutionGuid = {A1DF5DA7-1F55-4B14-B8F9-F6C42C31F6C9}
	EndGlobalSection
EndGlobal
